
Microsoft Visual Studio Solution File, Format Version 11.00
# Visual Studio 2010
Project("{FAE04EC0-301F-11D3-BF4B-00C04F79EFBC}") = "Crossfire", "Assembly-CSharp-firstpass.csproj", "{27CB201D-D834-6758-BAE8-E9FF448B4240}"
EndProject
Project("{FAE04EC0-301F-11D3-BF4B-00C04F79EFBC}") = "Crossfire", "Assembly-CSharp.csproj", "{22EC20C3-9AC2-CB50-4103-EBBE43DF7A7B}"
EndProject
Global
	GlobalSection(SolutionConfigurationPlatforms) = preSolution
		Debug|Any CPU = Debug|Any CPU
		Release|Any CPU = Release|Any CPU
	EndGlobalSection
	GlobalSection(ProjectConfigurationPlatforms) = postSolution
		{27CB201D-D834-6758-BAE8-E9FF448B4240}.Debug|Any CPU.ActiveCfg = Debug|Any CPU
		{27CB201D-D834-6758-BAE8-E9FF448B4240}.Debug|Any CPU.Build.0 = Debug|Any CPU
		{27CB201D-D834-6758-BAE8-E9FF448B4240}.Release|Any CPU.ActiveCfg = Release|Any CPU
		{27CB201D-D834-6758-BAE8-E9FF448B4240}.Release|Any CPU.Build.0 = Release|Any CPU
		{22EC20C3-9AC2-CB50-4103-EBBE43DF7A7B}.Debug|Any CPU.ActiveCfg = Debug|Any CPU
		{22EC20C3-9AC2-CB50-4103-EBBE43DF7A7B}.Debug|Any CPU.Build.0 = Debug|Any CPU
		{22EC20C3-9AC2-CB50-4103-EBBE43DF7A7B}.Release|Any CPU.ActiveCfg = Release|Any CPU
		{22EC20C3-9AC2-CB50-4103-EBBE43DF7A7B}.Release|Any CPU.Build.0 = Release|Any CPU
	EndGlobalSection
	GlobalSection(SolutionProperties) = preSolution
		HideSolutionNode = FALSE
	EndGlobalSection
	GlobalSection(MonoDevelopProperties) = preSolution
		StartupItem = Assembly-CSharp.csproj
	EndGlobalSection
EndGlobal
